
Microsoft Visual Studio Solution File, Format Version 12.00
# Visual Studio Version 17
VisualStudioVersion = 17.8.34316.72
MinimumVisualStudioVersion = 10.0.40219.1
Project("{FAE04EC0-301F-11D3-BF4B-00C04F79EFBC}") = "ConsoleApp16 - averageage and ageSum", "ConsoleApp16 - averageage and ageSum\ConsoleApp16 - averageage and ageSum.csproj", "{310ED6EE-0085-41A5-92E2-2A4D0187714E}"
EndProject
Global
	GlobalSection(SolutionConfigurationPlatforms) = preSolution
		Debug|Any CPU = Debug|Any CPU
		Release|Any CPU = Release|Any CPU
	EndGlobalSection
	GlobalSection(ProjectConfigurationPlatforms) = postSolution
		{310ED6EE-0085-41A5-92E2-2A4D0187714E}.Debug|Any CPU.ActiveCfg = Debug|Any CPU
		{310ED6EE-0085-41A5-92E2-2A4D0187714E}.Debug|Any CPU.Build.0 = Debug|Any CPU
		{310ED6EE-0085-41A5-92E2-2A4D0187714E}.Release|Any CPU.ActiveCfg = Release|Any CPU
		{310ED6EE-0085-41A5-92E2-2A4D0187714E}.Release|Any CPU.Build.0 = Release|Any CPU
	EndGlobalSection
	GlobalSection(SolutionProperties) = preSolution
		HideSolutionNode = FALSE
	EndGlobalSection
	GlobalSection(ExtensibilityGlobals) = postSolution
		SolutionGuid = {59DE05A1-472D-421B-9B54-B7173522FE97}
	EndGlobalSection
EndGlobal
