
Microsoft Visual Studio Solution File, Format Version 12.00
# Visual Studio Version 17
VisualStudioVersion = 17.8.34316.72
MinimumVisualStudioVersion = 10.0.40219.1
Project("{FAE04EC0-301F-11D3-BF4B-00C04F79EFBC}") = "Entrega6.2", "Entrega6.2\Entrega6.2.csproj", "{C0303EFA-A62B-42DA-9726-587005563D7F}"
EndProject
Global
	GlobalSection(SolutionConfigurationPlatforms) = preSolution
		Debug|Any CPU = Debug|Any CPU
		Release|Any CPU = Release|Any CPU
	EndGlobalSection
	GlobalSection(ProjectConfigurationPlatforms) = postSolution
		{C0303EFA-A62B-42DA-9726-587005563D7F}.Debug|Any CPU.ActiveCfg = Debug|Any CPU
		{C0303EFA-A62B-42DA-9726-587005563D7F}.Debug|Any CPU.Build.0 = Debug|Any CPU
		{C0303EFA-A62B-42DA-9726-587005563D7F}.Release|Any CPU.ActiveCfg = Release|Any CPU
		{C0303EFA-A62B-42DA-9726-587005563D7F}.Release|Any CPU.Build.0 = Release|Any CPU
	EndGlobalSection
	GlobalSection(SolutionProperties) = preSolution
		HideSolutionNode = FALSE
	EndGlobalSection
	GlobalSection(ExtensibilityGlobals) = postSolution
		SolutionGuid = {68EC72B1-01DD-4F50-A094-20209F4201B2}
	EndGlobalSection
EndGlobal
