
Microsoft Visual Studio Solution File, Format Version 12.00
Project("{FAE04EC0-301F-11D3-BF4B-00C04F79EFBC}") = "ConsoleApp19 ageinterval", "ConsoleApp19 ageinterval\ConsoleApp19 ageinterval.csproj", "{520581CD-A969-48A4-AEAD-DAB03593515B}"
EndProject
Global
	GlobalSection(SolutionConfigurationPlatforms) = preSolution
		Debug|Any CPU = Debug|Any CPU
		Release|Any CPU = Release|Any CPU
	EndGlobalSection
	GlobalSection(ProjectConfigurationPlatforms) = postSolution
		{520581CD-A969-48A4-AEAD-DAB03593515B}.Debug|Any CPU.ActiveCfg = Debug|Any CPU
		{520581CD-A969-48A4-AEAD-DAB03593515B}.Debug|Any CPU.Build.0 = Debug|Any CPU
		{520581CD-A969-48A4-AEAD-DAB03593515B}.Release|Any CPU.ActiveCfg = Release|Any CPU
		{520581CD-A969-48A4-AEAD-DAB03593515B}.Release|Any CPU.Build.0 = Release|Any CPU
	EndGlobalSection
EndGlobal
