
Microsoft Visual Studio Solution File, Format Version 12.00
# Visual Studio Version 17
VisualStudioVersion = 17.8.34316.72
MinimumVisualStudioVersion = 10.0.40219.1
Project("{FAE04EC0-301F-11D3-BF4B-00C04F79EFBC}") = "ConsoleApp10 -", "ConsoleApp10 -\ConsoleApp10 -.csproj", "{FB39FE7C-31AB-4E23-AC55-3BBA370B34B6}"
EndProject
Global
	GlobalSection(SolutionConfigurationPlatforms) = preSolution
		Debug|Any CPU = Debug|Any CPU
		Release|Any CPU = Release|Any CPU
	EndGlobalSection
	GlobalSection(ProjectConfigurationPlatforms) = postSolution
		{FB39FE7C-31AB-4E23-AC55-3BBA370B34B6}.Debug|Any CPU.ActiveCfg = Debug|Any CPU
		{FB39FE7C-31AB-4E23-AC55-3BBA370B34B6}.Debug|Any CPU.Build.0 = Debug|Any CPU
		{FB39FE7C-31AB-4E23-AC55-3BBA370B34B6}.Release|Any CPU.ActiveCfg = Release|Any CPU
		{FB39FE7C-31AB-4E23-AC55-3BBA370B34B6}.Release|Any CPU.Build.0 = Release|Any CPU
	EndGlobalSection
	GlobalSection(SolutionProperties) = preSolution
		HideSolutionNode = FALSE
	EndGlobalSection
	GlobalSection(ExtensibilityGlobals) = postSolution
		SolutionGuid = {23760761-568A-4AB7-BC1A-01F904EF90E2}
	EndGlobalSection
EndGlobal
