
Microsoft Visual Studio Solution File, Format Version 12.00
# Visual Studio Version 17
VisualStudioVersion = 17.8.34316.72
MinimumVisualStudioVersion = 10.0.40219.1
Project("{FAE04EC0-301F-11D3-BF4B-00C04F79EFBC}") = "Entrega3.2", "Entrega3.2\Entrega3.2.csproj", "{2E1B2A78-C514-47D8-89DF-2D865B5001F3}"
EndProject
Global
	GlobalSection(SolutionConfigurationPlatforms) = preSolution
		Debug|Any CPU = Debug|Any CPU
		Release|Any CPU = Release|Any CPU
	EndGlobalSection
	GlobalSection(ProjectConfigurationPlatforms) = postSolution
		{2E1B2A78-C514-47D8-89DF-2D865B5001F3}.Debug|Any CPU.ActiveCfg = Debug|Any CPU
		{2E1B2A78-C514-47D8-89DF-2D865B5001F3}.Debug|Any CPU.Build.0 = Debug|Any CPU
		{2E1B2A78-C514-47D8-89DF-2D865B5001F3}.Release|Any CPU.ActiveCfg = Release|Any CPU
		{2E1B2A78-C514-47D8-89DF-2D865B5001F3}.Release|Any CPU.Build.0 = Release|Any CPU
	EndGlobalSection
	GlobalSection(SolutionProperties) = preSolution
		HideSolutionNode = FALSE
	EndGlobalSection
	GlobalSection(ExtensibilityGlobals) = postSolution
		SolutionGuid = {FE0D06C3-61ED-494E-ABB5-6483305E72D0}
	EndGlobalSection
EndGlobal
