
Microsoft Visual Studio Solution File, Format Version 12.00
Project("{FAE04EC0-301F-11D3-BF4B-00C04F79EFBC}") = "Entrega1.1", "Entrega1.1\Entrega1.1.csproj", "{8AEDEBC7-D546-4BB9-A8DA-2800F64F6B02}"
EndProject
Project("{FAE04EC0-301F-11D3-BF4B-00C04F79EFBC}") = "Entrega2.1", "Entrega2.1\Entrega2.1.csproj", "{743F5307-F72E-455C-B587-B6E25B34ACC1}"
EndProject
Project("{FAE04EC0-301F-11D3-BF4B-00C04F79EFBC}") = "Entrega1.2", "Entrega1.2\Entrega1.2.csproj", "{C173DC83-C54C-46CA-ACF6-12C323953425}"
EndProject
Project("{FAE04EC0-301F-11D3-BF4B-00C04F79EFBC}") = "Entrega4.1ComparalistaExiste", "Entrega4.1ComparalistaExiste\Entrega4.1ComparalistaExiste.csproj", "{A95C7B08-64C9-4665-B75B-2DA804922D49}"
EndProject
Global
	GlobalSection(SolutionConfigurationPlatforms) = preSolution
		Debug|Any CPU = Debug|Any CPU
		Release|Any CPU = Release|Any CPU
	EndGlobalSection
	GlobalSection(ProjectConfigurationPlatforms) = postSolution
		{8AEDEBC7-D546-4BB9-A8DA-2800F64F6B02}.Debug|Any CPU.ActiveCfg = Debug|Any CPU
		{8AEDEBC7-D546-4BB9-A8DA-2800F64F6B02}.Debug|Any CPU.Build.0 = Debug|Any CPU
		{8AEDEBC7-D546-4BB9-A8DA-2800F64F6B02}.Release|Any CPU.ActiveCfg = Release|Any CPU
		{8AEDEBC7-D546-4BB9-A8DA-2800F64F6B02}.Release|Any CPU.Build.0 = Release|Any CPU
		{743F5307-F72E-455C-B587-B6E25B34ACC1}.Debug|Any CPU.ActiveCfg = Debug|Any CPU
		{743F5307-F72E-455C-B587-B6E25B34ACC1}.Debug|Any CPU.Build.0 = Debug|Any CPU
		{743F5307-F72E-455C-B587-B6E25B34ACC1}.Release|Any CPU.ActiveCfg = Release|Any CPU
		{743F5307-F72E-455C-B587-B6E25B34ACC1}.Release|Any CPU.Build.0 = Release|Any CPU
		{C173DC83-C54C-46CA-ACF6-12C323953425}.Debug|Any CPU.ActiveCfg = Debug|Any CPU
		{C173DC83-C54C-46CA-ACF6-12C323953425}.Debug|Any CPU.Build.0 = Debug|Any CPU
		{C173DC83-C54C-46CA-ACF6-12C323953425}.Release|Any CPU.ActiveCfg = Release|Any CPU
		{C173DC83-C54C-46CA-ACF6-12C323953425}.Release|Any CPU.Build.0 = Release|Any CPU
		{A95C7B08-64C9-4665-B75B-2DA804922D49}.Debug|Any CPU.ActiveCfg = Debug|Any CPU
		{A95C7B08-64C9-4665-B75B-2DA804922D49}.Debug|Any CPU.Build.0 = Debug|Any CPU
		{A95C7B08-64C9-4665-B75B-2DA804922D49}.Release|Any CPU.ActiveCfg = Release|Any CPU
		{A95C7B08-64C9-4665-B75B-2DA804922D49}.Release|Any CPU.Build.0 = Release|Any CPU
	EndGlobalSection
EndGlobal
