
Microsoft Visual Studio Solution File, Format Version 12.00
Project("{FAE04EC0-301F-11D3-BF4B-00C04F79EFBC}") = "ConsoleApp23 for loop1", "ConsoleApp23 for loop1\ConsoleApp23 for loop1.csproj", "{F054192E-446B-4BE8-AA71-54E92C99A264}"
EndProject
Global
	GlobalSection(SolutionConfigurationPlatforms) = preSolution
		Debug|Any CPU = Debug|Any CPU
		Release|Any CPU = Release|Any CPU
	EndGlobalSection
	GlobalSection(ProjectConfigurationPlatforms) = postSolution
		{F054192E-446B-4BE8-AA71-54E92C99A264}.Debug|Any CPU.ActiveCfg = Debug|Any CPU
		{F054192E-446B-4BE8-AA71-54E92C99A264}.Debug|Any CPU.Build.0 = Debug|Any CPU
		{F054192E-446B-4BE8-AA71-54E92C99A264}.Release|Any CPU.ActiveCfg = Release|Any CPU
		{F054192E-446B-4BE8-AA71-54E92C99A264}.Release|Any CPU.Build.0 = Release|Any CPU
	EndGlobalSection
EndGlobal
