
Microsoft Visual Studio Solution File, Format Version 12.00
# Visual Studio Version 17
VisualStudioVersion = 17.8.34316.72
MinimumVisualStudioVersion = 10.0.40219.1
Project("{FAE04EC0-301F-11D3-BF4B-00C04F79EFBC}") = "ConsoleApp1", "ConsoleApp1\ConsoleApp1.csproj", "{46769A85-1E92-41BB-9E0B-6B3BEB29739B}"
EndProject
Global
	GlobalSection(SolutionConfigurationPlatforms) = preSolution
		Debug|Any CPU = Debug|Any CPU
		Release|Any CPU = Release|Any CPU
	EndGlobalSection
	GlobalSection(ProjectConfigurationPlatforms) = postSolution
		{46769A85-1E92-41BB-9E0B-6B3BEB29739B}.Debug|Any CPU.ActiveCfg = Debug|Any CPU
		{46769A85-1E92-41BB-9E0B-6B3BEB29739B}.Debug|Any CPU.Build.0 = Debug|Any CPU
		{46769A85-1E92-41BB-9E0B-6B3BEB29739B}.Release|Any CPU.ActiveCfg = Release|Any CPU
		{46769A85-1E92-41BB-9E0B-6B3BEB29739B}.Release|Any CPU.Build.0 = Release|Any CPU
	EndGlobalSection
	GlobalSection(SolutionProperties) = preSolution
		HideSolutionNode = FALSE
	EndGlobalSection
	GlobalSection(ExtensibilityGlobals) = postSolution
		SolutionGuid = {D827C6D7-07BD-43F9-80A8-C8114C641131}
	EndGlobalSection
EndGlobal
