
Microsoft Visual Studio Solution File, Format Version 12.00
Project("{FAE04EC0-301F-11D3-BF4B-00C04F79EFBC}") = "ConsoleApp14 even odd while", "ConsoleApp14 even odd while\ConsoleApp14 even odd while.csproj", "{A28070C3-C1FA-427D-9425-9AF296518281}"
EndProject
Global
	GlobalSection(SolutionConfigurationPlatforms) = preSolution
		Debug|Any CPU = Debug|Any CPU
		Release|Any CPU = Release|Any CPU
	EndGlobalSection
	GlobalSection(ProjectConfigurationPlatforms) = postSolution
		{A28070C3-C1FA-427D-9425-9AF296518281}.Debug|Any CPU.ActiveCfg = Debug|Any CPU
		{A28070C3-C1FA-427D-9425-9AF296518281}.Debug|Any CPU.Build.0 = Debug|Any CPU
		{A28070C3-C1FA-427D-9425-9AF296518281}.Release|Any CPU.ActiveCfg = Release|Any CPU
		{A28070C3-C1FA-427D-9425-9AF296518281}.Release|Any CPU.Build.0 = Release|Any CPU
	EndGlobalSection
EndGlobal
