
Microsoft Visual Studio Solution File, Format Version 12.00
Project("{FAE04EC0-301F-11D3-BF4B-00C04F79EFBC}") = "ConsoleApp loop get random number", "ConsoleApp loop get random number\ConsoleApp loop get random number.csproj", "{EF21A811-3B0E-4B7D-A79A-CF96E3C4ABBF}"
EndProject
Global
	GlobalSection(SolutionConfigurationPlatforms) = preSolution
		Debug|Any CPU = Debug|Any CPU
		Release|Any CPU = Release|Any CPU
	EndGlobalSection
	GlobalSection(ProjectConfigurationPlatforms) = postSolution
		{EF21A811-3B0E-4B7D-A79A-CF96E3C4ABBF}.Debug|Any CPU.ActiveCfg = Debug|Any CPU
		{EF21A811-3B0E-4B7D-A79A-CF96E3C4ABBF}.Debug|Any CPU.Build.0 = Debug|Any CPU
		{EF21A811-3B0E-4B7D-A79A-CF96E3C4ABBF}.Release|Any CPU.ActiveCfg = Release|Any CPU
		{EF21A811-3B0E-4B7D-A79A-CF96E3C4ABBF}.Release|Any CPU.Build.0 = Release|Any CPU
	EndGlobalSection
EndGlobal
