
Microsoft Visual Studio Solution File, Format Version 12.00
# Visual Studio Version 17
VisualStudioVersion = 17.8.34316.72
MinimumVisualStudioVersion = 10.0.40219.1
Project("{FAE04EC0-301F-11D3-BF4B-00C04F79EFBC}") = "fichaprep2", "fichaprep2\fichaprep2.csproj", "{29544CB5-1DC0-4615-BAF6-1FBB414D10E0}"
EndProject
Global
	GlobalSection(SolutionConfigurationPlatforms) = preSolution
		Debug|Any CPU = Debug|Any CPU
		Release|Any CPU = Release|Any CPU
	EndGlobalSection
	GlobalSection(ProjectConfigurationPlatforms) = postSolution
		{29544CB5-1DC0-4615-BAF6-1FBB414D10E0}.Debug|Any CPU.ActiveCfg = Debug|Any CPU
		{29544CB5-1DC0-4615-BAF6-1FBB414D10E0}.Debug|Any CPU.Build.0 = Debug|Any CPU
		{29544CB5-1DC0-4615-BAF6-1FBB414D10E0}.Release|Any CPU.ActiveCfg = Release|Any CPU
		{29544CB5-1DC0-4615-BAF6-1FBB414D10E0}.Release|Any CPU.Build.0 = Release|Any CPU
	EndGlobalSection
	GlobalSection(SolutionProperties) = preSolution
		HideSolutionNode = FALSE
	EndGlobalSection
	GlobalSection(ExtensibilityGlobals) = postSolution
		SolutionGuid = {F7D05837-3902-44FE-A7F0-D0252A7386EF}
	EndGlobalSection
EndGlobal
