
Microsoft Visual Studio Solution File, Format Version 12.00
# Visual Studio Version 17
VisualStudioVersion = 17.8.34316.72
MinimumVisualStudioVersion = 10.0.40219.1
Project("{FAE04EC0-301F-11D3-BF4B-00C04F79EFBC}") = "ConsoleApp 24 funcoes 101", "ConsoleApp 24 funcoes 101\ConsoleApp 24 funcoes 101.csproj", "{D624B725-CEAB-4280-B8BB-3C4C1279EE1B}"
EndProject
Global
	GlobalSection(SolutionConfigurationPlatforms) = preSolution
		Debug|Any CPU = Debug|Any CPU
		Release|Any CPU = Release|Any CPU
	EndGlobalSection
	GlobalSection(ProjectConfigurationPlatforms) = postSolution
		{D624B725-CEAB-4280-B8BB-3C4C1279EE1B}.Debug|Any CPU.ActiveCfg = Debug|Any CPU
		{D624B725-CEAB-4280-B8BB-3C4C1279EE1B}.Debug|Any CPU.Build.0 = Debug|Any CPU
		{D624B725-CEAB-4280-B8BB-3C4C1279EE1B}.Release|Any CPU.ActiveCfg = Release|Any CPU
		{D624B725-CEAB-4280-B8BB-3C4C1279EE1B}.Release|Any CPU.Build.0 = Release|Any CPU
	EndGlobalSection
	GlobalSection(SolutionProperties) = preSolution
		HideSolutionNode = FALSE
	EndGlobalSection
	GlobalSection(ExtensibilityGlobals) = postSolution
		SolutionGuid = {F8D03300-BAA9-4391-8CE8-E13C28E273F0}
	EndGlobalSection
EndGlobal
