
Microsoft Visual Studio Solution File, Format Version 12.00
# Visual Studio Version 17
VisualStudioVersion = 17.8.34316.72
MinimumVisualStudioVersion = 10.0.40219.1
Project("{FAE04EC0-301F-11D3-BF4B-00C04F79EFBC}") = "fichaprep3", "fichaprep3\fichaprep3.csproj", "{DEA2ECBF-805C-4B09-B3C2-F9F072F04433}"
EndProject
Global
	GlobalSection(SolutionConfigurationPlatforms) = preSolution
		Debug|Any CPU = Debug|Any CPU
		Release|Any CPU = Release|Any CPU
	EndGlobalSection
	GlobalSection(ProjectConfigurationPlatforms) = postSolution
		{DEA2ECBF-805C-4B09-B3C2-F9F072F04433}.Debug|Any CPU.ActiveCfg = Debug|Any CPU
		{DEA2ECBF-805C-4B09-B3C2-F9F072F04433}.Debug|Any CPU.Build.0 = Debug|Any CPU
		{DEA2ECBF-805C-4B09-B3C2-F9F072F04433}.Release|Any CPU.ActiveCfg = Release|Any CPU
		{DEA2ECBF-805C-4B09-B3C2-F9F072F04433}.Release|Any CPU.Build.0 = Release|Any CPU
	EndGlobalSection
	GlobalSection(SolutionProperties) = preSolution
		HideSolutionNode = FALSE
	EndGlobalSection
	GlobalSection(ExtensibilityGlobals) = postSolution
		SolutionGuid = {25504E40-CDEC-4AD7-8D9C-10F8D41042B2}
	EndGlobalSection
EndGlobal
